
Microsoft Visual Studio Solution File, Format Version 12.00
# Visual Studio Version 17
VisualStudioVersion = 17.1.32319.34
MinimumVisualStudioVersion = 10.0.40219.1
Project("{FAE04EC0-301F-11D3-BF4B-00C04F79EFBC}") = "Vietjet.com", "Vietjet.com.csproj", "{B8D8ED05-EB67-4057-AE32-3CCC5D7EC421}"
EndProject
Global
	GlobalSection(SolutionConfigurationPlatforms) = preSolution
		Debug|Any CPU = Debug|Any CPU
		Release|Any CPU = Release|Any CPU
	EndGlobalSection
	GlobalSection(ProjectConfigurationPlatforms) = postSolution
		{B8D8ED05-EB67-4057-AE32-3CCC5D7EC421}.Debug|Any CPU.ActiveCfg = Debug|Any CPU
		{B8D8ED05-EB67-4057-AE32-3CCC5D7EC421}.Debug|Any CPU.Build.0 = Debug|Any CPU
		{B8D8ED05-EB67-4057-AE32-3CCC5D7EC421}.Release|Any CPU.ActiveCfg = Release|Any CPU
		{B8D8ED05-EB67-4057-AE32-3CCC5D7EC421}.Release|Any CPU.Build.0 = Release|Any CPU
	EndGlobalSection
	GlobalSection(SolutionProperties) = preSolution
		HideSolutionNode = FALSE
	EndGlobalSection
	GlobalSection(ExtensibilityGlobals) = postSolution
		SolutionGuid = {A5CFD12F-7FBC-4566-AD1D-1BD1B7AE37D1}
	EndGlobalSection
EndGlobal
